
Microsoft Visual Studio Solution File, Format Version 12.00
Project("{FAE04EC0-301F-11D3-BF4B-00C04F79EFBC}") = "Object Array Print", "Object Array Print\Object Array Print.csproj", "{57B4501E-0EC5-4274-8F1D-CF3B501C0D8E}"
EndProject
Global
	GlobalSection(SolutionConfigurationPlatforms) = preSolution
		Debug|Any CPU = Debug|Any CPU
		Release|Any CPU = Release|Any CPU
	EndGlobalSection
	GlobalSection(ProjectConfigurationPlatforms) = postSolution
		{57B4501E-0EC5-4274-8F1D-CF3B501C0D8E}.Debug|Any CPU.ActiveCfg = Debug|Any CPU
		{57B4501E-0EC5-4274-8F1D-CF3B501C0D8E}.Debug|Any CPU.Build.0 = Debug|Any CPU
		{57B4501E-0EC5-4274-8F1D-CF3B501C0D8E}.Release|Any CPU.ActiveCfg = Release|Any CPU
		{57B4501E-0EC5-4274-8F1D-CF3B501C0D8E}.Release|Any CPU.Build.0 = Release|Any CPU
	EndGlobalSection
EndGlobal
